{
	"requires": true,
	"lockfileVersion": 1,
	"dependencies": {
		"nativescript-theme-core": {
			"version": "1.0.4",
			"resolved": "https://registry.npmjs.org/nativescript-theme-core/-/nativescript-theme-core-1.0.4.tgz",
			"integrity": "sha1-zyiAx/vy/l9D4iNdMJdQeQgD7+E="
		},
		"tns-core-modules": {
			"version": "3.1.1",
			"resolved": "https://registry.npmjs.org/tns-core-modules/-/tns-core-modules-3.1.1.tgz",
			"integrity": "sha1-ezicQt1sENstGt+8bJEDFwPlDdU=",
			"requires": {
				"tns-core-modules-widgets": "3.1.1"
			}
		},
		"tns-core-modules-widgets": {
			"version": "3.1.1",
			"resolved": "https://registry.npmjs.org/tns-core-modules-widgets/-/tns-core-modules-widgets-3.1.1.tgz",
			"integrity": "sha1-M2691nlV6Im5GNsuzyRy/rVwh+A="
		}
	}
}
